
Microsoft Visual Studio Solution File, Format Version 12.00
# Visual Studio Version 16
VisualStudioVersion = 16.0.28803.352
MinimumVisualStudioVersion = 10.0.40219.1
Project("{FAE04EC0-301F-11D3-BF4B-00C04F79EFBC}") = "DNC-DI.logic", "DNC-DI.logic\DNC-DI.logic.csproj", "{E299985C-2B76-4C9A-B581-4E6E21415908}"
EndProject
Project("{FAE04EC0-301F-11D3-BF4B-00C04F79EFBC}") = "DNC-DI.data", "DNC-DI.data\DNC-DI.data.csproj", "{E0704CAD-BE48-4AE2-BDBA-FC32454A9CD4}"
EndProject
Project("{FAE04EC0-301F-11D3-BF4B-00C04F79EFBC}") = "DNC-DI.shared", "DNC-DI.shared\DNC-DI.shared.csproj", "{72B66E5F-2839-4A8E-9EAC-DC9452189B37}"
EndProject
Project("{FAE04EC0-301F-11D3-BF4B-00C04F79EFBC}") = "DNC-DI.web", "DNC-DI.web\DNC-DI.web.csproj", "{E527D9B9-F4D5-4BEC-AF81-945DC858DD21}"
EndProject

Global
	GlobalSection(SolutionConfigurationPlatforms) = preSolution
		Debug|Any CPU = Debug|Any CPU
		Release|Any CPU = Release|Any CPU
	EndGlobalSection
	GlobalSection(ProjectConfigurationPlatforms) = postSolution
		{E299985C-2B76-4C9A-B581-4E6E21415908}.Debug|Any CPU.ActiveCfg = Debug|Any CPU
		{E299985C-2B76-4C9A-B581-4E6E21415908}.Debug|Any CPU.Build.0 = Debug|Any CPU
		{E299985C-2B76-4C9A-B581-4E6E21415908}.Release|Any CPU.ActiveCfg = Release|Any CPU
		{E299985C-2B76-4C9A-B581-4E6E21415908}.Release|Any CPU.Build.0 = Release|Any CPU
		{E0704CAD-BE48-4AE2-BDBA-FC32454A9CD4}.Debug|Any CPU.ActiveCfg = Debug|Any CPU
		{E0704CAD-BE48-4AE2-BDBA-FC32454A9CD4}.Debug|Any CPU.Build.0 = Debug|Any CPU
		{E0704CAD-BE48-4AE2-BDBA-FC32454A9CD4}.Release|Any CPU.ActiveCfg = Release|Any CPU
		{E0704CAD-BE48-4AE2-BDBA-FC32454A9CD4}.Release|Any CPU.Build.0 = Release|Any CPU
		{72B66E5F-2839-4A8E-9EAC-DC9452189B37}.Debug|Any CPU.ActiveCfg = Debug|Any CPU
		{72B66E5F-2839-4A8E-9EAC-DC9452189B37}.Debug|Any CPU.Build.0 = Debug|Any CPU
		{72B66E5F-2839-4A8E-9EAC-DC9452189B37}.Release|Any CPU.ActiveCfg = Release|Any CPU
		{72B66E5F-2839-4A8E-9EAC-DC9452189B37}.Release|Any CPU.Build.0 = Release|Any CPU
		{E527D9B9-F4D5-4BEC-AF81-945DC858DD21}.Debug|Any CPU.ActiveCfg = Debug|Any CPU
		{E527D9B9-F4D5-4BEC-AF81-945DC858DD21}.Debug|Any CPU.Build.0 = Debug|Any CPU
		{E527D9B9-F4D5-4BEC-AF81-945DC858DD21}.Release|Any CPU.ActiveCfg = Release|Any CPU
		{E527D9B9-F4D5-4BEC-AF81-945DC858DD21}.Release|Any CPU.Build.0 = Release|Any CPU
	EndGlobalSection
	GlobalSection(SolutionProperties) = preSolution
		HideSolutionNode = FALSE
	EndGlobalSection
	GlobalSection(ExtensibilityGlobals) = postSolution
		SolutionGuid = {138AAF3C-62CB-4EEB-B14D-FDDE0D7EE053}
	EndGlobalSection
EndGlobal
